# THIS IS AN AUTOGENERATED FILE. DO NOT EDIT THIS FILE DIRECTLY.
assets/ajax-loader.gif:
  development: 2018-07-05T15:30:50-04:00   deca8b0ecd6974227d157b6d7068995d
assets/gift-card.js:
  development: 2018-07-05T15:30:50-04:00   c73df2ee57cc9eb577f7a1858063495d
assets/hulkcode.js:
  development: 2018-07-06T16:56:07-04:00   9d8b5a69bed35203becccb386a58cd43
assets/ico-select.svg.liquid:
  development: 2018-07-05T15:30:50-04:00   087b0a8654b4e8b2c203cfa17204b849
assets/lazysizes.min.js:
  development: 2018-07-05T15:30:50-04:00   f05bbc6e1c8ffb06055dc81d0cb5f2ee
assets/theme.js:
  development: 2018-07-05T15:30:50-04:00   4b8fb846ecdeb2a4f2ebc791563bdd0d
assets/theme.scss.liquid:
  development: 2018-07-05T17:42:23-04:00   b60d3196710eb7eff9b3edd6c0019aa2
assets/vendor.js:
  development: 2018-07-05T15:30:51-04:00   06b4f8919f55c188d4cd230c1d62a849
config/settings_data.json:
  development: 2018-07-06T22:56:11-04:00   0faaa09428a865d28f803341930c34db
config/settings_schema.json:
  development: 2018-07-05T15:30:54-04:00   6180f1176c882c1dde7f00f251e92399
layout/password.liquid:
  development: 2018-07-05T15:30:51-04:00   837ecffff7da234750c279c1d244a3ac
layout/theme.liquid:
  development: 2018-07-06T16:56:05-04:00   b4ee8b380b32aa826d5d2dd0f1cb11f6
locales/de.json:
  development: 2018-07-05T15:30:51-04:00   5f974017ee38c887d4d70c7a25059d20
locales/en.default.json:
  development: 2018-07-05T15:30:51-04:00   6df6d59a388f0bb36019f8f93797ee2b
locales/es.json:
  development: 2018-07-05T15:30:51-04:00   e9370f58ebe9dae06483118a668e030e
locales/fr.json:
  development: 2018-07-05T15:30:51-04:00   0a16fab25771c4b84cc410080fb186bb
locales/it.json:
  development: 2018-07-05T15:30:51-04:00   d379036897f636ca4e8f9b5a3d411bb9
locales/ja.json:
  development: 2018-07-05T15:30:51-04:00   7394a785ac71619d8b1a8dc6d7a4950e
locales/pt-BR.json:
  development: 2018-07-05T15:30:51-04:00   3a5fe8c90cc837a55c42c7a60ba214f5
locales/pt-PT.json:
  development: 2018-07-05T15:30:51-04:00   e8ffc91ed6a2f2ad2b1d99e7e4a92914
sections/advanced-content.liquid:
  development: 2018-07-05T15:30:47-04:00   f6d72ffacd166e808ebebad43d0f9d16
sections/article-content.liquid:
  development: 2018-07-05T15:30:48-04:00   5bbd7d5b05162be2cb76973e2649a7a8
sections/brand-list.liquid:
  development: 2018-07-05T15:30:48-04:00   4518b726c27e1a0f1da692d4dc7c8fe2
sections/cart-template.liquid:
  development: 2018-07-06T16:56:06-04:00   54a7ca8304c2105d9f9e10c34a635b46
sections/collection-filters.liquid:
  development: 2018-07-05T15:30:48-04:00   e78207380912cd6931f18b91da4bf201
sections/columns.liquid:
  development: 2018-07-05T15:30:48-04:00   8f0f9b2adc8def8de1a4aa239af44d4b
sections/featured-articles.liquid:
  development: 2018-07-05T15:30:48-04:00   4315228e22645b5d5284f5ee22adb6c8
sections/featured-collections.liquid:
  development: 2018-07-05T15:30:48-04:00   80b7ab39d25fd2b60afc2577f079d5d8
sections/featured-content.liquid:
  development: 2018-07-05T15:30:48-04:00   798ea3cee7b62f73c50c19fa7d1a794d
sections/featured-product.liquid:
  development: 2018-07-05T15:30:48-04:00   c114e7e818e678f71e6b072b387bf0b2
sections/featured-products-subsection.liquid:
  development: 2018-07-05T15:30:48-04:00   7f5a3fbf812d95d2cf649c51c36ad7f4
sections/featured-products.liquid:
  development: 2018-07-05T15:30:48-04:00   b92c7ea0b3f78b211469dd5d001fa1a2
sections/footer.liquid:
  development: 2018-07-05T18:34:32-04:00   8980c367d09c84269811b439057da372
sections/gallery.liquid:
  development: 2018-07-05T15:30:48-04:00   d046c94032b4a0923dfe0c0fc8d62e16
sections/header.liquid:
  development: 2018-07-05T15:30:48-04:00   8a383b3fdf110cc75be8634048c271c2
sections/image-content.liquid:
  development: 2018-07-05T15:30:48-04:00   2681cdab24da7c45db296754f9db190a
sections/link-block.liquid:
  development: 2018-07-05T15:30:48-04:00   68cf49dbb1086fbf1863a11127abd4b5
sections/list-collections-template.liquid:
  development: 2018-07-05T15:30:48-04:00   51b7c79c9155352ac226ba1e28a84997
sections/map.liquid:
  development: 2018-07-05T15:30:48-04:00   c09adf1fcd770347e382144818b6256a
sections/newsletter.liquid:
  development: 2018-07-05T15:30:48-04:00   4d10208fd9aea5cf48bf6b80d9045d47
sections/password-content.liquid:
  development: 2018-07-05T15:30:49-04:00   b49412e35f872bcdaeed8eee74f6031c
sections/password-footer.liquid:
  development: 2018-07-05T15:30:49-04:00   47eec2c7b70086dd509ff188e70c00e3
sections/password-header.liquid:
  development: 2018-07-05T15:30:49-04:00   f0d01f9592a3dadc07c9bd3d0126a9f1
sections/product-custom-sticker-template.liquid:
  development: 2018-07-06T20:44:16-04:00   c78e66025e44750c1b57f2f69d7c314d
sections/product-template.liquid:
  development: 2018-07-06T18:16:59-04:00   d2f9aef8c4660f6e1beed7136f3315f5
sections/quotes.liquid:
  development: 2018-07-05T15:30:49-04:00   06675b8607dfebed53e905f63231ebe7
sections/rich-text.liquid:
  development: 2018-07-05T15:30:49-04:00   356cd2d71b54734319fdcd3d25516356
sections/search.liquid:
  development: 2018-07-05T15:30:49-04:00   0f46aa5727faf9ebc73f48b0992f6ca4
sections/slideshow.liquid:
  development: 2018-07-05T15:30:49-04:00   61a2aa37bb8f299995d5e2799162cbd6
sections/video.liquid:
  development: 2018-07-05T15:30:49-04:00   d56de0e6706b7e24e339809b317b2e02
snippets/bgset.liquid:
  development: 2018-07-05T15:30:51-04:00   33148dfd129ac7339b20fa9792a6bf85
snippets/collection-grid-item.liquid:
  development: 2018-07-05T15:30:52-04:00   d41db57c382d06b36b39b9f6d14748ac
snippets/collection-list-item.liquid:
  development: 2018-07-05T15:30:52-04:00   fc2458fe5e90d5c1d22ba3ebdad911d2
snippets/comment.liquid:
  development: 2018-07-05T15:30:52-04:00   6b47f2a5d6a07494ad7de1ce9997c9d9
snippets/custom-sticker-variants.liquid:
  development: 2018-07-06T19:22:58-04:00   d568ed9de0396917df8788889a71cce1
snippets/drawer-nav.liquid:
  development: 2018-07-05T15:30:52-04:00   70f540496d86468411e6c7bc440dadc5
snippets/hulkcode_common.liquid:
  development: 2018-07-06T16:56:06-04:00   8feb9e3f560c26ef80d39651987b23c2
snippets/hulkcode_options.liquid:
  development: 2018-07-06T16:56:06-04:00   23c0d726995f02bccd3b76f26d8954ec
snippets/icon-arrow-down.liquid:
  development: 2018-07-05T15:30:52-04:00   f8fd3b896d90388f5aae1c93e2a77da2
snippets/icon-arrow-left.liquid:
  development: 2018-07-05T15:30:52-04:00   12c9b68124cea15ee7cc558709ac77d3
snippets/icon-arrow-right.liquid:
  development: 2018-07-05T15:30:52-04:00   177e0020103e51e3acaed4a594b50c73
snippets/icon-arrow-thin-left.liquid:
  development: 2018-07-05T15:30:52-04:00   830b0d9386051e86d9ffd8c40ffbf770
snippets/icon-arrow-thin-right.liquid:
  development: 2018-07-05T15:30:52-04:00   ed15229bb90da50583977bc3148cd58b
snippets/icon-arrow-up.liquid:
  development: 2018-07-05T15:30:52-04:00   0e1e498f1d507716eaf8e877bd4efeeb
snippets/icon-bag.liquid:
  development: 2018-07-05T15:30:52-04:00   dd18ce7e32cb074f12d064104d9369d5
snippets/icon-cart.liquid:
  development: 2018-07-05T15:30:52-04:00   f95451ec8a45aa2c1da6d4cb6b0c855e
snippets/icon-close.liquid:
  development: 2018-07-05T15:30:53-04:00   96d324f98248ed2430c30836e89c79b8
snippets/icon-facebook.liquid:
  development: 2018-07-05T15:30:53-04:00   1f4ee2d25e4ae01fbd0591cf92b1bdb6
snippets/icon-hamburger.liquid:
  development: 2018-07-05T15:30:53-04:00   c429f6a0db27bb76a5bfd0d1c422ab53
snippets/icon-instagram.liquid:
  development: 2018-07-05T15:30:53-04:00   bf50214819f6e2a5f053593e2414526d
snippets/icon-lock.liquid:
  development: 2018-07-05T15:30:53-04:00   60ae7ba03d14efa582faed8855821a58
snippets/icon-minus.liquid:
  development: 2018-07-05T15:30:53-04:00   d67c918f4271ac3e2b3689a1c66cd324
snippets/icon-pause.liquid:
  development: 2018-07-05T15:30:53-04:00   99e785a63af3ab0a7ccd9c5551ea8910
snippets/icon-pin.liquid:
  development: 2018-07-05T15:30:53-04:00   694162388571d6142ec30bc299d8ac91
snippets/icon-pinterest.liquid:
  development: 2018-07-05T15:30:53-04:00   d0f6a3f3842d8782a7beec9e7422a4d4
snippets/icon-play.liquid:
  development: 2018-07-05T15:30:53-04:00   31ff2901a9fd0f32ebc4c05748e7aa5d
snippets/icon-plus.liquid:
  development: 2018-07-05T15:30:53-04:00   59271dc8b74871a9af77d3ac0ac839da
snippets/icon-quote.liquid:
  development: 2018-07-05T15:30:53-04:00   e710949f7a142dfc3c4fac15c33bb2fa
snippets/icon-rss.liquid:
  development: 2018-07-05T15:30:53-04:00   e44945385279f30693ad10bf7647770a
snippets/icon-search.liquid:
  development: 2018-07-05T15:30:53-04:00   365615febc89c876686a0b15e515fb62
snippets/icon-shopify-logo.liquid:
  development: 2018-07-05T15:30:53-04:00   3f0b70f9e01be5b25507d25a732ecde7
snippets/icon-snapchat.liquid:
  development: 2018-07-05T15:30:53-04:00   9ed6937e3232c9034976be2b8ed9f673
snippets/icon-tumblr.liquid:
  development: 2018-07-05T15:30:53-04:00   95b170823ba66888266df40855dcf6ca
snippets/icon-twitter.liquid:
  development: 2018-07-05T15:30:53-04:00   15da0c480346e2782bd2288113e76e00
snippets/icon-vimeo.liquid:
  development: 2018-07-05T15:30:53-04:00   d05774570a73a039e16e6be0411449ab
snippets/icon-youtube.liquid:
  development: 2018-07-05T15:30:53-04:00   7b566c0e9843640150d456430a74ff74
snippets/no-blocks.liquid:
  development: 2018-07-05T15:30:53-04:00   0cb7d758b6df0feb07ae5804b4b627fa
snippets/product-card.liquid:
  development: 2018-07-05T15:30:53-04:00   83042f89377ecd9e55f0f3ae532a1bc6
snippets/rewind_menu_backup_do_not_delete.liquid:
  development: 2018-07-06T18:30:54-04:00   a7fb4c8d41a06268d935349f71d7780d
snippets/site-nav.liquid:
  development: 2018-07-05T15:30:53-04:00   4e712ee85c1df59fc45291b861f7d851
snippets/social-meta-tags.liquid:
  development: 2018-07-05T15:30:53-04:00   ae9e213401623b2601abf0ace8e21537
snippets/social-sharing.liquid:
  development: 2018-07-05T15:30:53-04:00   faefcb8d384a0333413f164a44f8ff87
templates/404.liquid:
  development: 2018-07-05T15:30:53-04:00   c5a602ed831884857d6ba432990c1c65
templates/article.liquid:
  development: 2018-07-05T15:30:54-04:00   891031ed819f5123c2d25d4fb9b2cabb
templates/blog.liquid:
  development: 2018-07-05T15:30:54-04:00   f8b950927883483c443f392bc47fa052
templates/cart.liquid:
  development: 2018-07-05T15:30:54-04:00   bba3c715f8c51f0520b3bd1a49ca90dc
templates/collection.liquid:
  development: 2018-07-05T15:30:54-04:00   f6ee1dee849f3e7be704c9349c3464d7
templates/customers/account.liquid:
  development: 2018-07-05T15:30:54-04:00   460919f09e3e2676f66cda1cadf90924
templates/customers/activate_account.liquid:
  development: 2018-07-05T15:30:54-04:00   f36eddc94f148aee6a9b1d6387ff4b95
templates/customers/addresses.liquid:
  development: 2018-07-05T15:30:54-04:00   4aaaa23d0e2b63775b5647a57985e6ae
templates/customers/login.liquid:
  development: 2018-07-05T15:30:54-04:00   8d86911b000ae9467d803bac917d0cd8
templates/customers/order.liquid:
  development: 2018-07-05T15:30:54-04:00   24dee42aeabd5551803c278fc426770d
templates/customers/register.liquid:
  development: 2018-07-05T15:30:54-04:00   bfb55d672848fd97d6c72b8ed9abcfb3
templates/customers/reset_password.liquid:
  development: 2018-07-05T15:30:54-04:00   73f390cd1d27f0e95d5674c2fcba2e0d
templates/gift_card.liquid:
  development: 2018-07-05T15:30:54-04:00   5cb34b586f754a5cbec184a4f50e02a3
templates/index.liquid:
  development: 2018-07-05T15:30:54-04:00   b2a0a05382c135215e50a0042c0f7cb7
templates/list-collections.liquid:
  development: 2018-07-05T15:30:54-04:00   d42f6d6957169811896f646709d353d9
templates/page.contact.liquid:
  development: 2018-07-05T15:30:54-04:00   bc3a82270aae7ee5346e3df9c0047bf1
templates/page.liquid:
  development: 2018-07-05T15:30:54-04:00   d5bd4d5e9e86da6be06d093763c42473
templates/page.rewind_menu_backup_do_not_delete.liquid:
  development: 2018-07-06T18:30:55-04:00   ef1023246c38cea6bbbca8171123b13f
templates/password.liquid:
  development: 2018-07-05T15:30:54-04:00   1e6018925cf530d009aa332c4553411e
templates/product.custom-sticker.liquid:
  development: 2018-07-06T18:32:45-04:00   81e2715f2a4381a7c6a9b8417880c019
templates/product.liquid:
  development: 2018-07-05T15:30:54-04:00   a07bea1b2ca45140cb2a22a8c3c77b84
templates/search.liquid:
  development: 2018-07-05T15:30:54-04:00   b1b2d329b8586246b627c8cec17f24ab
